
Microsoft Visual Studio Solution File, Format Version 12.00
# Visual Studio Version 17
VisualStudioVersion = 17.10.35013.160
MinimumVisualStudioVersion = 10.0.40219.1
Project("{FAE04EC0-301F-11D3-BF4B-00C04F79EFBC}") = "SleepTrackerAPI", "SleepTrackerAPI\SleepTrackerAPI.csproj", "{0324F161-6B93-4AB4-BC00-4BA3DB427609}"
EndProject
Global
	GlobalSection(SolutionConfigurationPlatforms) = preSolution
		Debug|Any CPU = Debug|Any CPU
		Release|Any CPU = Release|Any CPU
	EndGlobalSection
	GlobalSection(ProjectConfigurationPlatforms) = postSolution
		{0324F161-6B93-4AB4-BC00-4BA3DB427609}.Debug|Any CPU.ActiveCfg = Debug|Any CPU
		{0324F161-6B93-4AB4-BC00-4BA3DB427609}.Debug|Any CPU.Build.0 = Debug|Any CPU
		{0324F161-6B93-4AB4-BC00-4BA3DB427609}.Release|Any CPU.ActiveCfg = Release|Any CPU
		{0324F161-6B93-4AB4-BC00-4BA3DB427609}.Release|Any CPU.Build.0 = Release|Any CPU
	EndGlobalSection
	GlobalSection(SolutionProperties) = preSolution
		HideSolutionNode = FALSE
	EndGlobalSection
	GlobalSection(ExtensibilityGlobals) = postSolution
		SolutionGuid = {6F0FB126-9FAE-464C-9C26-47AE4A2AB27C}
	EndGlobalSection
EndGlobal
